
Microsoft Visual Studio Solution File, Format Version 12.00
# Visual Studio Version 17
VisualStudioVersion = 17.4.33213.308
MinimumVisualStudioVersion = 10.0.40219.1
Project("{8BC9CEB8-8B4A-11D0-8D11-00A0C91BC942}") = "SteamServerFilter", "SteamServerFilter.vcxproj", "{37857864-A4EC-4765-BAD8-AB1591E6683F}"
EndProject
Global
	GlobalSection(SolutionConfigurationPlatforms) = preSolution
		Debug|x64 = Debug|x64
		Debug|x86 = Debug|x86
		Release|x64 = Release|x64
		Release|x86 = Release|x86
	EndGlobalSection
	GlobalSection(ProjectConfigurationPlatforms) = postSolution
		{37857864-A4EC-4765-BAD8-AB1591E6683F}.Debug|x64.ActiveCfg = Debug|x64
		{37857864-A4EC-4765-BAD8-AB1591E6683F}.Debug|x64.Build.0 = Debug|x64
		{37857864-A4EC-4765-BAD8-AB1591E6683F}.Debug|x86.ActiveCfg = Debug|Win32
		{37857864-A4EC-4765-BAD8-AB1591E6683F}.Debug|x86.Build.0 = Debug|Win32
		{37857864-A4EC-4765-BAD8-AB1591E6683F}.Release|x64.ActiveCfg = Release|x64
		{37857864-A4EC-4765-BAD8-AB1591E6683F}.Release|x64.Build.0 = Release|x64
		{37857864-A4EC-4765-BAD8-AB1591E6683F}.Release|x86.ActiveCfg = Release|Win32
		{37857864-A4EC-4765-BAD8-AB1591E6683F}.Release|x86.Build.0 = Release|Win32
	EndGlobalSection
	GlobalSection(SolutionProperties) = preSolution
		HideSolutionNode = FALSE
	EndGlobalSection
	GlobalSection(ExtensibilityGlobals) = postSolution
		SolutionGuid = {90732F68-0098-4818-B180-0E32FEAE7815}
	EndGlobalSection
EndGlobal
